// !$*UTF8*$!
{
	archiveVersion = 1;
	classes = {
	};
	objectVersion = 77;
	objects = {

/* Begin PBXBuildFile section */
		129CC0EB2F41335B005D22DC /* CircuitStudioApp in Frameworks */ = {isa = PBXBuildFile; productRef = 129CC0EA2F41335B005D22DC /* CircuitStudioApp */; };
/* End PBXBuildFile section */

/* Begin PBXContainerItemProxy section */
		129CC0B12F4132C7005D22DC /* PBXContainerItemProxy */ = {
			isa = PBXContainerItemProxy;
			containerPortal = 129CC0992F4132C6005D22DC /* Project object */;
			proxyType = 1;
			remoteGlobalIDString = 129CC0A02F4132C6005D22DC;
			remoteInfo = Xcircuite;
		};
		129CC0BB2F4132C7005D22DC /* PBXContainerItemProxy */ = {
			isa = PBXContainerItemProxy;
			containerPortal = 129CC0992F4132C6005D22DC /* Project object */;
			proxyType = 1;
			remoteGlobalIDString = 129CC0A02F4132C6005D22DC;
			remoteInfo = Xcircuite;
		};
/* End PBXContainerItemProxy section */

/* Begin PBXFileReference section */
		129CC0A12F4132C6005D22DC /* Xcircuite.app */ = {isa = PBXFileReference; explicitFileType = wrapper.application; includeInIndex = 0; path = Xcircuite.app; sourceTree = BUILT_PRODUCTS_DIR; };
		129CC0B02F4132C7005D22DC /* XcircuiteTests.xctest */ = {isa = PBXFileReference; explicitFileType = wrapper.cfbundle; includeInIndex = 0; path = XcircuiteTests.xctest; sourceTree = BUILT_PRODUCTS_DIR; };
		129CC0BA2F4132C7005D22DC /* XcircuiteUITests.xctest */ = {isa = PBXFileReference; explicitFileType = wrapper.cfbundle; includeInIndex = 0; path = XcircuiteUITests.xctest; sourceTree = BUILT_PRODUCTS_DIR; };
/* End PBXFileReference section */

/* Begin PBXFileSystemSynchronizedRootGroup section */
		129CC0A32F4132C6005D22DC /* Xcircuite */ = {
			isa = PBXFileSystemSynchronizedRootGroup;
			path = Xcircuite;
			sourceTree = "<group>";
		};
		129CC0B32F4132C7005D22DC /* XcircuiteTests */ = {
			isa = PBXFileSystemSynchronizedRootGroup;
			path = XcircuiteTests;
			sourceTree = "<group>";
		};
		129CC0BD2F4132C7005D22DC /* XcircuiteUITests */ = {
			isa = PBXFileSystemSynchronizedRootGroup;
			path = XcircuiteUITests;
			sourceTree = "<group>";
		};
/* End PBXFileSystemSynchronizedRootGroup section */

/* Begin PBXFrameworksBuildPhase section */
		129CC09E2F4132C6005D22DC /* Frameworks */ = {
			isa = PBXFrameworksBuildPhase;
			buildActionMask = 2147483647;
			files = (
				129CC0EB2F41335B005D22DC /* CircuitStudioApp in Frameworks */,
			);
			runOnlyForDeploymentPostprocessing = 0;
		};
		129CC0AD2F4132C7005D22DC /* Frameworks */ = {
			isa = PBXFrameworksBuildPhase;
			buildActionMask = 2147483647;
			files = (
			);
			runOnlyForDeploymentPostprocessing = 0;
		};
		129CC0B72F4132C7005D22DC /* Frameworks */ = {
			isa = PBXFrameworksBuildPhase;
			buildActionMask = 2147483647;
			files = (
			);
			runOnlyForDeploymentPostprocessing = 0;
		};
/* End PBXFrameworksBuildPhase section */

/* Begin PBXGroup section */
		129CC0982F4132C6005D22DC = {
			isa = PBXGroup;
			children = (
				129CC0A32F4132C6005D22DC /* Xcircuite */,
				129CC0B32F4132C7005D22DC /* XcircuiteTests */,
				129CC0BD2F4132C7005D22DC /* XcircuiteUITests */,
				129CC0A22F4132C6005D22DC /* Products */,
			);
			sourceTree = "<group>";
		};
		129CC0A22F4132C6005D22DC /* Products */ = {
			isa = PBXGroup;
			children = (
				129CC0A12F4132C6005D22DC /* Xcircuite.app */,
				129CC0B02F4132C7005D22DC /* XcircuiteTests.xctest */,
				129CC0BA2F4132C7005D22DC /* XcircuiteUITests.xctest */,
			);
			name = Products;
			sourceTree = "<group>";
		};
/* End PBXGroup section */

/* Begin PBXNativeTarget section */
		129CC0A02F4132C6005D22DC /* Xcircuite */ = {
			isa = PBXNativeTarget;
			buildConfigurationList = 129CC0C42F4132C7005D22DC /* Build configuration list for PBXNativeTarget "Xcircuite" */;
			buildPhases = (
				129CC09D2F4132C6005D22DC /* Sources */,
				129CC09E2F4132C6005D22DC /* Frameworks */,
				129CC09F2F4132C6005D22DC /* Resources */,
			);
			buildRules = (
			);
			dependencies = (
			);
			fileSystemSynchronizedGroups = (
				129CC0A32F4132C6005D22DC /* Xcircuite */,
			);
			name = Xcircuite;
			packageProductDependencies = (
				129CC0EA2F41335B005D22DC /* CircuitStudioApp */,
			);
			productName = Xcircuite;
			productReference = 129CC0A12F4132C6005D22DC /* Xcircuite.app */;
			productType = "com.apple.product-type.application";
		};
		129CC0AF2F4132C7005D22DC /* XcircuiteTests */ = {
			isa = PBXNativeTarget;
			buildConfigurationList = 129CC0C72F4132C7005D22DC /* Build configuration list for PBXNativeTarget "XcircuiteTests" */;
			buildPhases = (
				129CC0AC2F4132C7005D22DC /* Sources */,
				129CC0AD2F4132C7005D22DC /* Frameworks */,
				129CC0AE2F4132C7005D22DC /* Resources */,
			);
			buildRules = (
			);
			dependencies = (
				129CC0B22F4132C7005D22DC /* PBXTargetDependency */,
			);
			fileSystemSynchronizedGroups = (
				129CC0B32F4132C7005D22DC /* XcircuiteTests */,
			);
			name = XcircuiteTests;
			packageProductDependencies = (
			);
			productName = XcircuiteTests;
			productReference = 129CC0B02F4132C7005D22DC /* XcircuiteTests.xctest */;
			productType = "com.apple.product-type.bundle.unit-test";
		};
		129CC0B92F4132C7005D22DC /* XcircuiteUITests */ = {
			isa = PBXNativeTarget;
			buildConfigurationList = 129CC0CA2F4132C7005D22DC /* Build configuration list for PBXNativeTarget "XcircuiteUITests" */;
			buildPhases = (
				129CC0B62F4132C7005D22DC /* Sources */,
				129CC0B72F4132C7005D22DC /* Frameworks */,
				129CC0B82F4132C7005D22DC /* Resources */,
			);
			buildRules = (
			);
			dependencies = (
				129CC0BC2F4132C7005D22DC /* PBXTargetDependency */,
			);
			fileSystemSynchronizedGroups = (
				129CC0BD2F4132C7005D22DC /* XcircuiteUITests */,
			);
			name = XcircuiteUITests;
			packageProductDependencies = (
			);
			productName = XcircuiteUITests;
			productReference = 129CC0BA2F4132C7005D22DC /* XcircuiteUITests.xctest */;
			productType = "com.apple.product-type.bundle.ui-testing";
		};
/* End PBXNativeTarget section */

/* Begin PBXProject section */
		129CC0992F4132C6005D22DC /* Project object */ = {
			isa = PBXProject;
			attributes = {
				BuildIndependentTargetsInParallel = 1;
				LastSwiftUpdateCheck = 2630;
				LastUpgradeCheck = 2630;
				TargetAttributes = {
					129CC0A02F4132C6005D22DC = {
						CreatedOnToolsVersion = 26.3;
					};
					129CC0AF2F4132C7005D22DC = {
						CreatedOnToolsVersion = 26.3;
						TestTargetID = 129CC0A02F4132C6005D22DC;
					};
					129CC0B92F4132C7005D22DC = {
						CreatedOnToolsVersion = 26.3;
						TestTargetID = 129CC0A02F4132C6005D22DC;
					};
				};
			};
			buildConfigurationList = 129CC09C2F4132C6005D22DC /* Build configuration list for PBXProject "Xcircuite" */;
			developmentRegion = en;
			hasScannedForEncodings = 0;
			knownRegions = (
				en,
				Base,
			);
			mainGroup = 129CC0982F4132C6005D22DC;
			minimizedProjectReferenceProxies = 1;
			packageReferences = (
				129CC0E92F41335B005D22DC /* XCLocalSwiftPackageReference "../../circuit-studio" */,
			);
			preferredProjectObjectVersion = 77;
			productRefGroup = 129CC0A22F4132C6005D22DC /* Products */;
			projectDirPath = "";
			projectRoot = "";
			targets = (
				129CC0A02F4132C6005D22DC /* Xcircuite */,
				129CC0AF2F4132C7005D22DC /* XcircuiteTests */,
				129CC0B92F4132C7005D22DC /* XcircuiteUITests */,
			);
		};
/* End PBXProject section */

/* Begin PBXResourcesBuildPhase section */
		129CC09F2F4132C6005D22DC /* Resources */ = {
			isa = PBXResourcesBuildPhase;
			buildActionMask = 2147483647;
			files = (
			);
			runOnlyForDeploymentPostprocessing = 0;
		};
		129CC0AE2F4132C7005D22DC /* Resources */ = {
			isa = PBXResourcesBuildPhase;
			buildActionMask = 2147483647;
			files = (
			);
			runOnlyForDeploymentPostprocessing = 0;
		};
		129CC0B82F4132C7005D22DC /* Resources */ = {
			isa = PBXResourcesBuildPhase;
			buildActionMask = 2147483647;
			files = (
			);
			runOnlyForDeploymentPostprocessing = 0;
		};
/* End PBXResourcesBuildPhase section */

/* Begin PBXSourcesBuildPhase section */
		129CC09D2F4132C6005D22DC /* Sources */ = {
			isa = PBXSourcesBuildPhase;
			buildActionMask = 2147483647;
			files = (
			);
			runOnlyForDeploymentPostprocessing = 0;
		};
		129CC0AC2F4132C7005D22DC /* Sources */ = {
			isa = PBXSourcesBuildPhase;
			buildActionMask = 2147483647;
			files = (
			);
			runOnlyForDeploymentPostprocessing = 0;
		};
		129CC0B62F4132C7005D22DC /* Sources */ = {
			isa = PBXSourcesBuildPhase;
			buildActionMask = 2147483647;
			files = (
			);
			runOnlyForDeploymentPostprocessing = 0;
		};
/* End PBXSourcesBuildPhase section */

/* Begin PBXTargetDependency section */
		129CC0B22F4132C7005D22DC /* PBXTargetDependency */ = {
			isa = PBXTargetDependency;
			target = 129CC0A02F4132C6005D22DC /* Xcircuite */;
			targetProxy = 129CC0B12F4132C7005D22DC /* PBXContainerItemProxy */;
		};
		129CC0BC2F4132C7005D22DC /* PBXTargetDependency */ = {
			isa = PBXTargetDependency;
			target = 129CC0A02F4132C6005D22DC /* Xcircuite */;
			targetProxy = 129CC0BB2F4132C7005D22DC /* PBXContainerItemProxy */;
		};
/* End PBXTargetDependency section */

/* Begin XCBuildConfiguration section */
		129CC0C22F4132C7005D22DC /* Debug */ = {
			isa = XCBuildConfiguration;
			buildSettings = {
				ALWAYS_SEARCH_USER_PATHS = NO;
				ASSETCATALOG_COMPILER_GENERATE_SWIFT_ASSET_SYMBOL_EXTENSIONS = YES;
				CLANG_ANALYZER_NONNULL = YES;
				CLANG_ANALYZER_NUMBER_OBJECT_CONVERSION = YES_AGGRESSIVE;
				CLANG_CXX_LANGUAGE_STANDARD = "gnu++20";
				CLANG_ENABLE_MODULES = YES;
				CLANG_ENABLE_OBJC_ARC = YES;
				CLANG_ENABLE_OBJC_WEAK = YES;
				CLANG_WARN_BLOCK_CAPTURE_AUTORELEASING = YES;
				CLANG_WARN_BOOL_CONVERSION = YES;
				CLANG_WARN_COMMA = YES;
				CLANG_WARN_CONSTANT_CONVERSION = YES;
				CLANG_WARN_DEPRECATED_OBJC_IMPLEMENTATIONS = YES;
				CLANG_WARN_DIRECT_OBJC_ISA_USAGE = YES_ERROR;
				CLANG_WARN_DOCUMENTATION_COMMENTS = YES;
				CLANG_WARN_EMPTY_BODY = YES;
				CLANG_WARN_ENUM_CONVERSION = YES;
				CLANG_WARN_INFINITE_RECURSION = YES;
				CLANG_WARN_INT_CONVERSION = YES;
				CLANG_WARN_NON_LITERAL_NULL_CONVERSION = YES;
				CLANG_WARN_OBJC_IMPLICIT_RETAIN_SELF = YES;
				CLANG_WARN_OBJC_LITERAL_CONVERSION = YES;
				CLANG_WARN_OBJC_ROOT_CLASS = YES_ERROR;
				CLANG_WARN_QUOTED_INCLUDE_IN_FRAMEWORK_HEADER = YES;
				CLANG_WARN_RANGE_LOOP_ANALYSIS = YES;
				CLANG_WARN_STRICT_PROTOTYPES = YES;
				CLANG_WARN_SUSPICIOUS_MOVE = YES;
				CLANG_WARN_UNGUARDED_AVAILABILITY = YES_AGGRESSIVE;
				CLANG_WARN_UNREACHABLE_CODE = YES;
				CLANG_WARN__DUPLICATE_METHOD_MATCH = YES;
				COPY_PHASE_STRIP = NO;
				DEBUG_INFORMATION_FORMAT = dwarf;
				DEVELOPMENT_TEAM = WWCKBW8CKN;
				ENABLE_STRICT_OBJC_MSGSEND = YES;
				ENABLE_TESTABILITY = YES;
				ENABLE_USER_SCRIPT_SANDBOXING = YES;
				GCC_C_LANGUAGE_STANDARD = gnu17;
				GCC_DYNAMIC_NO_PIC = NO;
				GCC_NO_COMMON_BLOCKS = YES;
				GCC_OPTIMIZATION_LEVEL = 0;
				GCC_PREPROCESSOR_DEFINITIONS = (
					"DEBUG=1",
					"$(inherited)",
				);
				GCC_WARN_64_TO_32_BIT_CONVERSION = YES;
				GCC_WARN_ABOUT_RETURN_TYPE = YES_ERROR;
				GCC_WARN_UNDECLARED_SELECTOR = YES;
				GCC_WARN_UNINITIALIZED_AUTOS = YES_AGGRESSIVE;
				GCC_WARN_UNUSED_FUNCTION = YES;
				GCC_WARN_UNUSED_VARIABLE = YES;
				LOCALIZATION_PREFERS_STRING_CATALOGS = YES;
				MACOSX_DEPLOYMENT_TARGET = 26.2;
				MTL_ENABLE_DEBUG_INFO = INCLUDE_SOURCE;
				MTL_FAST_MATH = YES;
				ONLY_ACTIVE_ARCH = YES;
				SDKROOT = macosx;
				SWIFT_ACTIVE_COMPILATION_CONDITIONS = "DEBUG $(inherited)";
				SWIFT_OPTIMIZATION_LEVEL = "-Onone";
			};
			name = Debug;
		};
		129CC0C32F4132C7005D22DC /* Release */ = {
			isa = XCBuildConfiguration;
			buildSettings = {
				ALWAYS_SEARCH_USER_PATHS = NO;
				ASSETCATALOG_COMPILER_GENERATE_SWIFT_ASSET_SYMBOL_EXTENSIONS = YES;
				CLANG_ANALYZER_NONNULL = YES;
				CLANG_ANALYZER_NUMBER_OBJECT_CONVERSION = YES_AGGRESSIVE;
				CLANG_CXX_LANGUAGE_STANDARD = "gnu++20";
				CLANG_ENABLE_MODULES = YES;
				CLANG_ENABLE_OBJC_ARC = YES;
				CLANG_ENABLE_OBJC_WEAK = YES;
				CLANG_WARN_BLOCK_CAPTURE_AUTORELEASING = YES;
				CLANG_WARN_BOOL_CONVERSION = YES;
				CLANG_WARN_COMMA = YES;
				CLANG_WARN_CONSTANT_CONVERSION = YES;
				CLANG_WARN_DEPRECATED_OBJC_IMPLEMENTATIONS = YES;
				CLANG_WARN_DIRECT_OBJC_ISA_USAGE = YES_ERROR;
				CLANG_WARN_DOCUMENTATION_COMMENTS = YES;
				CLANG_WARN_EMPTY_BODY = YES;
				CLANG_WARN_ENUM_CONVERSION = YES;
				CLANG_WARN_INFINITE_RECURSION = YES;
				CLANG_WARN_INT_CONVERSION = YES;
				CLANG_WARN_NON_LITERAL_NULL_CONVERSION = YES;
				CLANG_WARN_OBJC_IMPLICIT_RETAIN_SELF = YES;
				CLANG_WARN_OBJC_LITERAL_CONVERSION = YES;
				CLANG_WARN_OBJC_ROOT_CLASS = YES_ERROR;
				CLANG_WARN_QUOTED_INCLUDE_IN_FRAMEWORK_HEADER = YES;
				CLANG_WARN_RANGE_LOOP_ANALYSIS = YES;
				CLANG_WARN_STRICT_PROTOTYPES = YES;
				CLANG_WARN_SUSPICIOUS_MOVE = YES;
				CLANG_WARN_UNGUARDED_AVAILABILITY = YES_AGGRESSIVE;
				CLANG_WARN_UNREACHABLE_CODE = YES;
				CLANG_WARN__DUPLICATE_METHOD_MATCH = YES;
				COPY_PHASE_STRIP = NO;
				DEBUG_INFORMATION_FORMAT = "dwarf-with-dsym";
				DEVELOPMENT_TEAM = WWCKBW8CKN;
				ENABLE_NS_ASSERTIONS = NO;
				ENABLE_STRICT_OBJC_MSGSEND = YES;
				ENABLE_USER_SCRIPT_SANDBOXING = YES;
				GCC_C_LANGUAGE_STANDARD = gnu17;
				GCC_NO_COMMON_BLOCKS = YES;
				GCC_WARN_64_TO_32_BIT_CONVERSION = YES;
				GCC_WARN_ABOUT_RETURN_TYPE = YES_ERROR;
				GCC_WARN_UNDECLARED_SELECTOR = YES;
				GCC_WARN_UNINITIALIZED_AUTOS = YES_AGGRESSIVE;
				GCC_WARN_UNUSED_FUNCTION = YES;
				GCC_WARN_UNUSED_VARIABLE = YES;
				LOCALIZATION_PREFERS_STRING_CATALOGS = YES;
				MACOSX_DEPLOYMENT_TARGET = 26.2;
				MTL_ENABLE_DEBUG_INFO = NO;
				MTL_FAST_MATH = YES;
				SDKROOT = macosx;
				SWIFT_COMPILATION_MODE = wholemodule;
			};
			name = Release;
		};
		129CC0C52F4132C7005D22DC /* Debug */ = {
			isa = XCBuildConfiguration;
			buildSettings = {
				ASSETCATALOG_COMPILER_APPICON_NAME = AppIcon;
				ASSETCATALOG_COMPILER_GLOBAL_ACCENT_COLOR_NAME = AccentColor;
				CODE_SIGN_STYLE = Automatic;
				COMBINE_HIDPI_IMAGES = YES;
				CURRENT_PROJECT_VERSION = 1;
				DEVELOPMENT_TEAM = WWCKBW8CKN;
				ENABLE_APP_SANDBOX = YES;
				ENABLE_HARDENED_RUNTIME = YES;
				ENABLE_PREVIEWS = YES;
				ENABLE_USER_SELECTED_FILES = readonly;
				GENERATE_INFOPLIST_FILE = YES;
				INFOPLIST_KEY_NSHumanReadableCopyright = "";
				LD_RUNPATH_SEARCH_PATHS = (
					"$(inherited)",
					"@executable_path/../Frameworks",
				);
				MARKETING_VERSION = 1.0;
				PRODUCT_BUNDLE_IDENTIFIER = team.stamp.Xcircuite;
				PRODUCT_NAME = "$(TARGET_NAME)";
				REGISTER_APP_GROUPS = YES;
				STRING_CATALOG_GENERATE_SYMBOLS = YES;
				SWIFT_APPROACHABLE_CONCURRENCY = YES;
				SWIFT_DEFAULT_ACTOR_ISOLATION = MainActor;
				SWIFT_EMIT_LOC_STRINGS = YES;
				SWIFT_UPCOMING_FEATURE_MEMBER_IMPORT_VISIBILITY = YES;
				SWIFT_VERSION = 5.0;
			};
			name = Debug;
		};
		129CC0C62F4132C7005D22DC /* Release */ = {
			isa = XCBuildConfiguration;
			buildSettings = {
				ASSETCATALOG_COMPILER_APPICON_NAME = AppIcon;
				ASSETCATALOG_COMPILER_GLOBAL_ACCENT_COLOR_NAME = AccentColor;
				CODE_SIGN_STYLE = Automatic;
				COMBINE_HIDPI_IMAGES = YES;
				CURRENT_PROJECT_VERSION = 1;
				DEVELOPMENT_TEAM = WWCKBW8CKN;
				ENABLE_APP_SANDBOX = YES;
				ENABLE_HARDENED_RUNTIME = YES;
				ENABLE_PREVIEWS = YES;
				ENABLE_USER_SELECTED_FILES = readonly;
				GENERATE_INFOPLIST_FILE = YES;
				INFOPLIST_KEY_NSHumanReadableCopyright = "";
				LD_RUNPATH_SEARCH_PATHS = (
					"$(inherited)",
					"@executable_path/../Frameworks",
				);
				MARKETING_VERSION = 1.0;
				PRODUCT_BUNDLE_IDENTIFIER = team.stamp.Xcircuite;
				PRODUCT_NAME = "$(TARGET_NAME)";
				REGISTER_APP_GROUPS = YES;
				STRING_CATALOG_GENERATE_SYMBOLS = YES;
				SWIFT_APPROACHABLE_CONCURRENCY = YES;
				SWIFT_DEFAULT_ACTOR_ISOLATION = MainActor;
				SWIFT_EMIT_LOC_STRINGS = YES;
				SWIFT_UPCOMING_FEATURE_MEMBER_IMPORT_VISIBILITY = YES;
				SWIFT_VERSION = 5.0;
			};
			name = Release;
		};
		129CC0C82F4132C7005D22DC /* Debug */ = {
			isa = XCBuildConfiguration;
			buildSettings = {
				BUNDLE_LOADER = "$(TEST_HOST)";
				CODE_SIGN_STYLE = Automatic;
				CURRENT_PROJECT_VERSION = 1;
				DEVELOPMENT_TEAM = WWCKBW8CKN;
				GENERATE_INFOPLIST_FILE = YES;
				MACOSX_DEPLOYMENT_TARGET = 26.2;
				MARKETING_VERSION = 1.0;
				PRODUCT_BUNDLE_IDENTIFIER = team.stamp.XcircuiteTests;
				PRODUCT_NAME = "$(TARGET_NAME)";
				STRING_CATALOG_GENERATE_SYMBOLS = NO;
				SWIFT_APPROACHABLE_CONCURRENCY = YES;
				SWIFT_EMIT_LOC_STRINGS = NO;
				SWIFT_UPCOMING_FEATURE_MEMBER_IMPORT_VISIBILITY = YES;
				SWIFT_VERSION = 5.0;
				TEST_HOST = "$(BUILT_PRODUCTS_DIR)/Xcircuite.app/$(BUNDLE_EXECUTABLE_FOLDER_PATH)/Xcircuite";
			};
			name = Debug;
		};
		129CC0C92F4132C7005D22DC /* Release */ = {
			isa = XCBuildConfiguration;
			buildSettings = {
				BUNDLE_LOADER = "$(TEST_HOST)";
				CODE_SIGN_STYLE = Automatic;
				CURRENT_PROJECT_VERSION = 1;
				DEVELOPMENT_TEAM = WWCKBW8CKN;
				GENERATE_INFOPLIST_FILE = YES;
				MACOSX_DEPLOYMENT_TARGET = 26.2;
				MARKETING_VERSION = 1.0;
				PRODUCT_BUNDLE_IDENTIFIER = team.stamp.XcircuiteTests;
				PRODUCT_NAME = "$(TARGET_NAME)";
				STRING_CATALOG_GENERATE_SYMBOLS = NO;
				SWIFT_APPROACHABLE_CONCURRENCY = YES;
				SWIFT_EMIT_LOC_STRINGS = NO;
				SWIFT_UPCOMING_FEATURE_MEMBER_IMPORT_VISIBILITY = YES;
				SWIFT_VERSION = 5.0;
				TEST_HOST = "$(BUILT_PRODUCTS_DIR)/Xcircuite.app/$(BUNDLE_EXECUTABLE_FOLDER_PATH)/Xcircuite";
			};
			name = Release;
		};
		129CC0CB2F4132C7005D22DC /* Debug */ = {
			isa = XCBuildConfiguration;
			buildSettings = {
				CODE_SIGN_STYLE = Automatic;
				CURRENT_PROJECT_VERSION = 1;
				DEVELOPMENT_TEAM = WWCKBW8CKN;
				GENERATE_INFOPLIST_FILE = YES;
				MARKETING_VERSION = 1.0;
				PRODUCT_BUNDLE_IDENTIFIER = team.stamp.XcircuiteUITests;
				PRODUCT_NAME = "$(TARGET_NAME)";
				STRING_CATALOG_GENERATE_SYMBOLS = NO;
				SWIFT_APPROACHABLE_CONCURRENCY = YES;
				SWIFT_EMIT_LOC_STRINGS = NO;
				SWIFT_UPCOMING_FEATURE_MEMBER_IMPORT_VISIBILITY = YES;
				SWIFT_VERSION = 5.0;
				TEST_TARGET_NAME = Xcircuite;
			};
			name = Debug;
		};
		129CC0CC2F4132C7005D22DC /* Release */ = {
			isa = XCBuildConfiguration;
			buildSettings = {
				CODE_SIGN_STYLE = Automatic;
				CURRENT_PROJECT_VERSION = 1;
				DEVELOPMENT_TEAM = WWCKBW8CKN;
				GENERATE_INFOPLIST_FILE = YES;
				MARKETING_VERSION = 1.0;
				PRODUCT_BUNDLE_IDENTIFIER = team.stamp.XcircuiteUITests;
				PRODUCT_NAME = "$(TARGET_NAME)";
				STRING_CATALOG_GENERATE_SYMBOLS = NO;
				SWIFT_APPROACHABLE_CONCURRENCY = YES;
				SWIFT_EMIT_LOC_STRINGS = NO;
				SWIFT_UPCOMING_FEATURE_MEMBER_IMPORT_VISIBILITY = YES;
				SWIFT_VERSION = 5.0;
				TEST_TARGET_NAME = Xcircuite;
			};
			name = Release;
		};
/* End XCBuildConfiguration section */

/* Begin XCConfigurationList section */
		129CC09C2F4132C6005D22DC /* Build configuration list for PBXProject "Xcircuite" */ = {
			isa = XCConfigurationList;
			buildConfigurations = (
				129CC0C22F4132C7005D22DC /* Debug */,
				129CC0C32F4132C7005D22DC /* Release */,
			);
			defaultConfigurationIsVisible = 0;
			defaultConfigurationName = Release;
		};
		129CC0C42F4132C7005D22DC /* Build configuration list for PBXNativeTarget "Xcircuite" */ = {
			isa = XCConfigurationList;
			buildConfigurations = (
				129CC0C52F4132C7005D22DC /* Debug */,
				129CC0C62F4132C7005D22DC /* Release */,
			);
			defaultConfigurationIsVisible = 0;
			defaultConfigurationName = Release;
		};
		129CC0C72F4132C7005D22DC /* Build configuration list for PBXNativeTarget "XcircuiteTests" */ = {
			isa = XCConfigurationList;
			buildConfigurations = (
				129CC0C82F4132C7005D22DC /* Debug */,
				129CC0C92F4132C7005D22DC /* Release */,
			);
			defaultConfigurationIsVisible = 0;
			defaultConfigurationName = Release;
		};
		129CC0CA2F4132C7005D22DC /* Build configuration list for PBXNativeTarget "XcircuiteUITests" */ = {
			isa = XCConfigurationList;
			buildConfigurations = (
				129CC0CB2F4132C7005D22DC /* Debug */,
				129CC0CC2F4132C7005D22DC /* Release */,
			);
			defaultConfigurationIsVisible = 0;
			defaultConfigurationName = Release;
		};
/* End XCConfigurationList section */

/* Begin XCLocalSwiftPackageReference section */
		129CC0E92F41335B005D22DC /* XCLocalSwiftPackageReference "../../circuit-studio" */ = {
			isa = XCLocalSwiftPackageReference;
			relativePath = "../../circuit-studio";
		};
/* End XCLocalSwiftPackageReference section */

/* Begin XCSwiftPackageProductDependency section */
		129CC0EA2F41335B005D22DC /* CircuitStudioApp */ = {
			isa = XCSwiftPackageProductDependency;
			productName = CircuitStudioApp;
		};
/* End XCSwiftPackageProductDependency section */
	};
	rootObject = 129CC0992F4132C6005D22DC /* Project object */;
}
